
Microsoft Visual Studio Solution File, Format Version 12.00
# Visual Studio Version 16
VisualStudioVersion = 16.0.31605.320
MinimumVisualStudioVersion = 10.0.40219.1
Project("{9A19103F-16F7-4668-BE54-9A1E7A4F7556}") = "EFCore", "EFCore\EFCore.csproj", "{FB9E58F1-BB6E-4E4E-881F-33E34FD19F79}"
EndProject
Global
	GlobalSection(SolutionConfigurationPlatforms) = preSolution
		Debug|Any CPU = Debug|Any CPU
		Release|Any CPU = Release|Any CPU
	EndGlobalSection
	GlobalSection(ProjectConfigurationPlatforms) = postSolution
		{FB9E58F1-BB6E-4E4E-881F-33E34FD19F79}.Debug|Any CPU.ActiveCfg = Debug|Any CPU
		{FB9E58F1-BB6E-4E4E-881F-33E34FD19F79}.Debug|Any CPU.Build.0 = Debug|Any CPU
		{FB9E58F1-BB6E-4E4E-881F-33E34FD19F79}.Release|Any CPU.ActiveCfg = Release|Any CPU
		{FB9E58F1-BB6E-4E4E-881F-33E34FD19F79}.Release|Any CPU.Build.0 = Release|Any CPU
	EndGlobalSection
	GlobalSection(SolutionProperties) = preSolution
		HideSolutionNode = FALSE
	EndGlobalSection
	GlobalSection(ExtensibilityGlobals) = postSolution
		SolutionGuid = {02433DBB-40AE-463C-BF04-421EA60C7199}
	EndGlobalSection
EndGlobal
